
Microsoft Visual Studio Solution File, Format Version 12.00
# Visual Studio Version 16
VisualStudioVersion = 16.0.31729.503
MinimumVisualStudioVersion = 10.0.40219.1
Project("{FAE04EC0-301F-11D3-BF4B-00C04F79EFBC}") = "TM4", "TM4\TM4.csproj", "{B57F336A-1610-4FF4-BC68-FE1C5D2F5B5A}"
EndProject
Global
	GlobalSection(SolutionConfigurationPlatforms) = preSolution
		Debug|Any CPU = Debug|Any CPU
		Release|Any CPU = Release|Any CPU
	EndGlobalSection
	GlobalSection(ProjectConfigurationPlatforms) = postSolution
		{B57F336A-1610-4FF4-BC68-FE1C5D2F5B5A}.Debug|Any CPU.ActiveCfg = Debug|Any CPU
		{B57F336A-1610-4FF4-BC68-FE1C5D2F5B5A}.Debug|Any CPU.Build.0 = Debug|Any CPU
		{B57F336A-1610-4FF4-BC68-FE1C5D2F5B5A}.Release|Any CPU.ActiveCfg = Release|Any CPU
		{B57F336A-1610-4FF4-BC68-FE1C5D2F5B5A}.Release|Any CPU.Build.0 = Release|Any CPU
	EndGlobalSection
	GlobalSection(SolutionProperties) = preSolution
		HideSolutionNode = FALSE
	EndGlobalSection
	GlobalSection(ExtensibilityGlobals) = postSolution
		SolutionGuid = {9E6CE510-58F7-4A8E-AFBF-FCEC0FA6F75F}
	EndGlobalSection
EndGlobal
